{
  "projects": [
    {
      "projectId": "seaQhLVS4bbjiGvJJrRwyL",
      "version": "latest",
      "dependencies": {},
      "lang": "ts",
      "fileLocks": [
        {
          "assetId": "seaQhLVS4bbjiGvJJrRwyL",
          "type": "projectCss",
          "checksum": "85f7ca190f576c5a2499623973afb625"
        }
      ]
    },
    {
      "projectId": "pR5bvw2qHzxLEoDYFfc4Gw",
      "version": "latest",
      "dependencies": {
        "seaQhLVS4bbjiGvJJrRwyL": "15.0.3"
      },
      "lang": "ts",
      "fileLocks": [
        {
          "type": "globalVariant",
          "assetId": "176-5-k3VAllNq",
          "checksum": "028c8998a81f4c3bdef3669562249f66"
        },
        {
          "type": "renderModule",
          "assetId": "o8uD_MiXqDWL4",
          "checksum": "eb7ab3825d27f1b9efc394d6d7ff69c3"
        },
        {
          "type": "cssRules",
          "assetId": "o8uD_MiXqDWL4",
          "checksum": "eb7ab3825d27f1b9efc394d6d7ff69c3"
        },
        {
          "type": "renderModule",
          "assetId": "uMdETyCu9mO33",
          "checksum": "d9c64f1e665348171a16bd278e8b657a"
        },
        {
          "type": "cssRules",
          "assetId": "uMdETyCu9mO33",
          "checksum": "d9c64f1e665348171a16bd278e8b657a"
        },
        {
          "type": "renderModule",
          "assetId": "rtrl0h3vNIV8k",
          "checksum": "ffaa7354ada4445e33eb4b0184b24f91"
        },
        {
          "type": "cssRules",
          "assetId": "rtrl0h3vNIV8k",
          "checksum": "ffaa7354ada4445e33eb4b0184b24f91"
        },
        {
          "type": "renderModule",
          "assetId": "O7suGZfBHmv1g",
          "checksum": "27f5f4c8719d8b10d81fa62103e37159"
        },
        {
          "type": "cssRules",
          "assetId": "O7suGZfBHmv1g",
          "checksum": "27f5f4c8719d8b10d81fa62103e37159"
        },
        {
          "type": "renderModule",
          "assetId": "r-u8ZTwmzCh-b",
          "checksum": "88ec54e848212c921bc82299814af19e"
        },
        {
          "type": "cssRules",
          "assetId": "r-u8ZTwmzCh-b",
          "checksum": "88ec54e848212c921bc82299814af19e"
        },
        {
          "type": "renderModule",
          "assetId": "DARnZLG6rssWW",
          "checksum": "a97fce6e6158121f2854179ebb5c311c"
        },
        {
          "type": "cssRules",
          "assetId": "DARnZLG6rssWW",
          "checksum": "a97fce6e6158121f2854179ebb5c311c"
        },
        {
          "type": "renderModule",
          "assetId": "mTkzTm28FjqyB",
          "checksum": "7f43164d5f956f8acb66c569c1026795"
        },
        {
          "type": "cssRules",
          "assetId": "mTkzTm28FjqyB",
          "checksum": "7f43164d5f956f8acb66c569c1026795"
        },
        {
          "type": "renderModule",
          "assetId": "BZWznY1FhGhJT",
          "checksum": "e45f8db109e3d85d561dd9d30a46eaaa"
        },
        {
          "type": "cssRules",
          "assetId": "BZWznY1FhGhJT",
          "checksum": "e45f8db109e3d85d561dd9d30a46eaaa"
        },
        {
          "type": "renderModule",
          "assetId": "YrkIuHbKh3C2RJ",
          "checksum": "af0362dbeca72f2001c20e5fbd2a80db"
        },
        {
          "type": "cssRules",
          "assetId": "YrkIuHbKh3C2RJ",
          "checksum": "af0362dbeca72f2001c20e5fbd2a80db"
        },
        {
          "type": "renderModule",
          "assetId": "FCcmf-XFuXcL-9",
          "checksum": "064f176d3a9d0b1e573d4434e426061d"
        },
        {
          "type": "cssRules",
          "assetId": "FCcmf-XFuXcL-9",
          "checksum": "064f176d3a9d0b1e573d4434e426061d"
        },
        {
          "type": "renderModule",
          "assetId": "eVfShQMK7p7073",
          "checksum": "d25635a691475e8c65fa39757245e40d"
        },
        {
          "type": "cssRules",
          "assetId": "eVfShQMK7p7073",
          "checksum": "d25635a691475e8c65fa39757245e40d"
        },
        {
          "type": "renderModule",
          "assetId": "_FKb9IlqtNFHx5",
          "checksum": "821cf12dd4161451a8ad9e0b87b2eedb"
        },
        {
          "type": "cssRules",
          "assetId": "_FKb9IlqtNFHx5",
          "checksum": "821cf12dd4161451a8ad9e0b87b2eedb"
        },
        {
          "type": "renderModule",
          "assetId": "jLIF0zlc0iOdV2",
          "checksum": "e02cb57ef481191aff216ae7b0e0087d"
        },
        {
          "type": "cssRules",
          "assetId": "jLIF0zlc0iOdV2",
          "checksum": "e02cb57ef481191aff216ae7b0e0087d"
        },
        {
          "type": "renderModule",
          "assetId": "vjPgiSR_DZI2Fv",
          "checksum": "afde80a21165dcf5eee21a82bf140b11"
        },
        {
          "type": "cssRules",
          "assetId": "vjPgiSR_DZI2Fv",
          "checksum": "afde80a21165dcf5eee21a82bf140b11"
        },
        {
          "type": "renderModule",
          "assetId": "WJLtTOg3vVSuRO",
          "checksum": "6f4336c903801716dddcf68574eb55d9"
        },
        {
          "type": "cssRules",
          "assetId": "WJLtTOg3vVSuRO",
          "checksum": "6f4336c903801716dddcf68574eb55d9"
        },
        {
          "type": "renderModule",
          "assetId": "uwA43Van7poyy4",
          "checksum": "842aab4cc72fddbccc96e8db569c90ce"
        },
        {
          "type": "cssRules",
          "assetId": "uwA43Van7poyy4",
          "checksum": "842aab4cc72fddbccc96e8db569c90ce"
        },
        {
          "type": "renderModule",
          "assetId": "DYBQP8ctVs6Tcg",
          "checksum": "0b1a3867d6c36f6bd27439e7caa95f6e"
        },
        {
          "type": "cssRules",
          "assetId": "DYBQP8ctVs6Tcg",
          "checksum": "0b1a3867d6c36f6bd27439e7caa95f6e"
        },
        {
          "type": "image",
          "assetId": "pTMmQIUVYhBFga",
          "checksum": "2ab5a7888d978064397217006445a69e"
        },
        {
          "type": "image",
          "assetId": "aPu6c-YYrQnfNI",
          "checksum": "61697aad3f154c053b6ca7493ca86e40"
        },
        {
          "type": "image",
          "assetId": "LFdG8V1DI7Q9ZI",
          "checksum": "1cf4ebf414b78beb9cb52571afda8e69"
        },
        {
          "type": "image",
          "assetId": "kyx3omCxqfh8Sb",
          "checksum": "3730eb23e59e69e3e32da43516123543"
        },
        {
          "type": "renderModule",
          "assetId": "x7QwHx-Jf7",
          "checksum": "80fcbfa4dc10aa5ba41c9f0d83c76af6"
        },
        {
          "type": "cssRules",
          "assetId": "x7QwHx-Jf7",
          "checksum": "80fcbfa4dc10aa5ba41c9f0d83c76af6"
        },
        {
          "type": "renderModule",
          "assetId": "BOhrI2DmHs",
          "checksum": "dcf737a21450e238f63fb861ffce0fe9"
        },
        {
          "type": "cssRules",
          "assetId": "BOhrI2DmHs",
          "checksum": "dcf737a21450e238f63fb861ffce0fe9"
        },
        {
          "assetId": "pR5bvw2qHzxLEoDYFfc4Gw",
          "type": "projectCss",
          "checksum": "4ff43e8b3de874b1dd48f42a9136e601"
        },
        {
          "type": "icon",
          "assetId": "O3fawhldJEQJXD",
          "checksum": "99021b14726903d22a3bc81a015be5d3"
        },
        {
          "type": "icon",
          "assetId": "u-5ETtwBrUwurH",
          "checksum": "d483ac61de8f4616ef2151a08626beef"
        },
        {
          "type": "icon",
          "assetId": "SjSIMIbI9OZNv5",
          "checksum": "5bf63c74accabe3eec59c3b172f4c3c5"
        },
        {
          "type": "icon",
          "assetId": "zK-5ueULtsdA3C",
          "checksum": "712d556ea3391c1c70278bfddc326875"
        },
        {
          "type": "icon",
          "assetId": "DYfQuEaj2YiDnG",
          "checksum": "a92d87116b6e19798cebe819a8a6e234"
        },
        {
          "type": "icon",
          "assetId": "zxjh0ajYVhjc1f",
          "checksum": "626e7663f1b3dbe1d3caaf3737c5a070"
        },
        {
          "type": "icon",
          "assetId": "lof0VCzCP-nhzg",
          "checksum": "2e4ab499f25c337aac29bd919788ae61"
        },
        {
          "type": "icon",
          "assetId": "P-Hrth1naxvcBh",
          "checksum": "85e5ceedfed8ff8e8b71996316921a94"
        },
        {
          "type": "icon",
          "assetId": "Zk1yXOyREDp3n5",
          "checksum": "9053b7310fbd626d1763db8481321f3f"
        },
        {
          "type": "icon",
          "assetId": "K-ODLkEx7rv8WZ",
          "checksum": "7f43b1d41a86bfdf159544fc38b4a5f9"
        },
        {
          "type": "icon",
          "assetId": "tyL9180bkd2aoz",
          "checksum": "27560e42b3d26d56ccc106fc8422b708"
        },
        {
          "type": "icon",
          "assetId": "13-utL3mxa-EII",
          "checksum": "7a9c6ee145e7b1bf0e94c673b16146f6"
        },
        {
          "type": "icon",
          "assetId": "mNUaNkngLibnlz",
          "checksum": "8b8d926f31349b8ab3bd32f2ecf17420"
        },
        {
          "type": "icon",
          "assetId": "pPD5i_FEtCx30G",
          "checksum": "5ec032dcef738ef7ec6a8dfe990666f6"
        },
        {
          "type": "icon",
          "assetId": "5L2rDSLfN6JAGH",
          "checksum": "335f504921489ed6f7d0ac4fb00218a3"
        },
        {
          "type": "icon",
          "assetId": "Lgt-qTwm0WLpdV",
          "checksum": "4091f847e5dffa306bbcbfdf967a7e33"
        },
        {
          "type": "icon",
          "assetId": "3-alBY7S4XwS8K",
          "checksum": "e6a57f0560041432a28b50f92b2b245d"
        },
        {
          "type": "icon",
          "assetId": "l1l_VjaSsczGMv",
          "checksum": "2f554749a1ae2558145085d995a5a364"
        },
        {
          "type": "icon",
          "assetId": "WmTu00eaG3YVT1",
          "checksum": "755e6a446fa23bcf1326e7c7c71642f3"
        },
        {
          "type": "icon",
          "assetId": "eJUts_41FX3hT5",
          "checksum": "66d3372dd0b36775394331e6b50dd804"
        }
      ]
    }
  ],
  "cliVersion": "0.1.157"
}
